// !$*UTF8*$!
{
	archiveVersion = 1;
	classes = {
	};
	objectVersion = 46;
	objects = {

/* Begin PBXBuildFile section */
		4147C0B519D3C7AA002737C2 /* Weather.m in Sources */ = {isa = PBXBuildFile; fileRef = 4147C0B419D3C7AA002737C2 /* Weather.m */; };
		4147C0B719D3C891002737C2 /* CoreLocation.framework in Frameworks */ = {isa = PBXBuildFile; fileRef = 4147C0B619D3C891002737C2 /* CoreLocation.framework */; };
		414D238419D2928C001A7112 /* Foundation.framework in Frameworks */ = {isa = PBXBuildFile; fileRef = 414D238319D2928C001A7112 /* Foundation.framework */; };
		414D238619D2928C001A7112 /* CoreGraphics.framework in Frameworks */ = {isa = PBXBuildFile; fileRef = 414D238519D2928C001A7112 /* CoreGraphics.framework */; };
		414D238819D2928C001A7112 /* UIKit.framework in Frameworks */ = {isa = PBXBuildFile; fileRef = 414D238719D2928C001A7112 /* UIKit.framework */; };
		414D238E19D2928D001A7112 /* InfoPlist.strings in Resources */ = {isa = PBXBuildFile; fileRef = 414D238C19D2928D001A7112 /* InfoPlist.strings */; };
		414D239019D2928D001A7112 /* main.m in Sources */ = {isa = PBXBuildFile; fileRef = 414D238F19D2928D001A7112 /* main.m */; };
		414D239419D2928D001A7112 /* AppDelegate.m in Sources */ = {isa = PBXBuildFile; fileRef = 414D239319D2928D001A7112 /* AppDelegate.m */; };
		414D239719D2928D001A7112 /* Main.storyboard in Resources */ = {isa = PBXBuildFile; fileRef = 414D239519D2928D001A7112 /* Main.storyboard */; };
		414D239C19D2928E001A7112 /* Images.xcassets in Resources */ = {isa = PBXBuildFile; fileRef = 414D239B19D2928E001A7112 /* Images.xcassets */; };
		414D23A319D2928F001A7112 /* XCTest.framework in Frameworks */ = {isa = PBXBuildFile; fileRef = 414D23A219D2928F001A7112 /* XCTest.framework */; };
		414D23A419D2928F001A7112 /* Foundation.framework in Frameworks */ = {isa = PBXBuildFile; fileRef = 414D238319D2928C001A7112 /* Foundation.framework */; };
		414D23A519D2928F001A7112 /* UIKit.framework in Frameworks */ = {isa = PBXBuildFile; fileRef = 414D238719D2928C001A7112 /* UIKit.framework */; };
		414D23AD19D29290001A7112 /* InfoPlist.strings in Resources */ = {isa = PBXBuildFile; fileRef = 414D23AB19D29290001A7112 /* InfoPlist.strings */; };
		414D23AF19D29290001A7112 /* n3wsTests.m in Sources */ = {isa = PBXBuildFile; fileRef = 414D23AE19D29290001A7112 /* n3wsTests.m */; };
		4151901E19D94E3F0058684D /* News.m in Sources */ = {isa = PBXBuildFile; fileRef = 4151901D19D94E3F0058684D /* News.m */; };
		418AB4A719DA75F800F16AE2 /* WebNewsViewController.m in Sources */ = {isa = PBXBuildFile; fileRef = 418AB4A619DA75F800F16AE2 /* WebNewsViewController.m */; };
		41BD94C419D296A600E785F1 /* MenuViewController.m in Sources */ = {isa = PBXBuildFile; fileRef = 41BD94C319D296A600E785F1 /* MenuViewController.m */; };
		41BD94C719D2A15800E785F1 /* MainViewController.m in Sources */ = {isa = PBXBuildFile; fileRef = 41BD94C619D2A15800E785F1 /* MainViewController.m */; };
		41BD94CA19D2A43000E785F1 /* HeadlinesViewController.m in Sources */ = {isa = PBXBuildFile; fileRef = 41BD94C919D2A43000E785F1 /* HeadlinesViewController.m */; };
		41FCCABB19D2BB56000CEF62 /* FinanceViewController.m in Sources */ = {isa = PBXBuildFile; fileRef = 41FCCABA19D2BB56000CEF62 /* FinanceViewController.m */; };
		41FCCABE19D2BC0D000CEF62 /* EntertainmentViewController.m in Sources */ = {isa = PBXBuildFile; fileRef = 41FCCABD19D2BC0D000CEF62 /* EntertainmentViewController.m */; };
		41FCCAC119D2BC4A000CEF62 /* SportsViewController.m in Sources */ = {isa = PBXBuildFile; fileRef = 41FCCAC019D2BC4A000CEF62 /* SportsViewController.m */; };
		41FCCAC519D2C658000CEF62 /* Instagram.m in Sources */ = {isa = PBXBuildFile; fileRef = 41FCCAC419D2C658000CEF62 /* Instagram.m */; };
		FFF7FBB2F8C84F74AC41ECEB /* libPods.a in Frameworks */ = {isa = PBXBuildFile; fileRef = E267D6231C5E4784BFFB59C8 /* libPods.a */; };
/* End PBXBuildFile section */

/* Begin PBXContainerItemProxy section */
		414D23A619D2928F001A7112 /* PBXContainerItemProxy */ = {
			isa = PBXContainerItemProxy;
			containerPortal = 414D237819D2928B001A7112 /* Project object */;
			proxyType = 1;
			remoteGlobalIDString = 414D237F19D2928B001A7112;
			remoteInfo = n3ws;
		};
/* End PBXContainerItemProxy section */

/* Begin PBXFileReference section */
		4147C0B319D3C7AA002737C2 /* Weather.h */ = {isa = PBXFileReference; fileEncoding = 4; lastKnownFileType = sourcecode.c.h; path = Weather.h; sourceTree = "<group>"; };
		4147C0B419D3C7AA002737C2 /* Weather.m */ = {isa = PBXFileReference; fileEncoding = 4; lastKnownFileType = sourcecode.c.objc; path = Weather.m; sourceTree = "<group>"; };
		4147C0B619D3C891002737C2 /* CoreLocation.framework */ = {isa = PBXFileReference; lastKnownFileType = wrapper.framework; name = CoreLocation.framework; path = System/Library/Frameworks/CoreLocation.framework; sourceTree = SDKROOT; };
		414D238019D2928C001A7112 /* n3ws.app */ = {isa = PBXFileReference; explicitFileType = wrapper.application; includeInIndex = 0; path = n3ws.app; sourceTree = BUILT_PRODUCTS_DIR; };
		414D238319D2928C001A7112 /* Foundation.framework */ = {isa = PBXFileReference; lastKnownFileType = wrapper.framework; name = Foundation.framework; path = System/Library/Frameworks/Foundation.framework; sourceTree = SDKROOT; };
		414D238519D2928C001A7112 /* CoreGraphics.framework */ = {isa = PBXFileReference; lastKnownFileType = wrapper.framework; name = CoreGraphics.framework; path = System/Library/Frameworks/CoreGraphics.framework; sourceTree = SDKROOT; };
		414D238719D2928C001A7112 /* UIKit.framework */ = {isa = PBXFileReference; lastKnownFileType = wrapper.framework; name = UIKit.framework; path = System/Library/Frameworks/UIKit.framework; sourceTree = SDKROOT; };
		414D238B19D2928C001A7112 /* n3ws-Info.plist */ = {isa = PBXFileReference; lastKnownFileType = text.plist.xml; path = "n3ws-Info.plist"; sourceTree = "<group>"; };
		414D238D19D2928D001A7112 /* en */ = {isa = PBXFileReference; lastKnownFileType = text.plist.strings; name = en; path = en.lproj/InfoPlist.strings; sourceTree = "<group>"; };
		414D238F19D2928D001A7112 /* main.m */ = {isa = PBXFileReference; lastKnownFileType = sourcecode.c.objc; path = main.m; sourceTree = "<group>"; };
		414D239119D2928D001A7112 /* n3ws-Prefix.pch */ = {isa = PBXFileReference; lastKnownFileType = sourcecode.c.h; path = "n3ws-Prefix.pch"; sourceTree = "<group>"; };
		414D239219D2928D001A7112 /* AppDelegate.h */ = {isa = PBXFileReference; lastKnownFileType = sourcecode.c.h; path = AppDelegate.h; sourceTree = "<group>"; };
		414D239319D2928D001A7112 /* AppDelegate.m */ = {isa = PBXFileReference; lastKnownFileType = sourcecode.c.objc; path = AppDelegate.m; sourceTree = "<group>"; };
		414D239619D2928D001A7112 /* Base */ = {isa = PBXFileReference; lastKnownFileType = file.storyboard; name = Base; path = Base.lproj/Main.storyboard; sourceTree = "<group>"; };
		414D239B19D2928E001A7112 /* Images.xcassets */ = {isa = PBXFileReference; lastKnownFileType = folder.assetcatalog; path = Images.xcassets; sourceTree = "<group>"; };
		414D23A119D2928F001A7112 /* n3wsTests.xctest */ = {isa = PBXFileReference; explicitFileType = wrapper.cfbundle; includeInIndex = 0; path = n3wsTests.xctest; sourceTree = BUILT_PRODUCTS_DIR; };
		414D23A219D2928F001A7112 /* XCTest.framework */ = {isa = PBXFileReference; lastKnownFileType = wrapper.framework; name = XCTest.framework; path = Library/Frameworks/XCTest.framework; sourceTree = DEVELOPER_DIR; };
		414D23AA19D29290001A7112 /* n3wsTests-Info.plist */ = {isa = PBXFileReference; lastKnownFileType = text.plist.xml; path = "n3wsTests-Info.plist"; sourceTree = "<group>"; };
		414D23AC19D29290001A7112 /* en */ = {isa = PBXFileReference; lastKnownFileType = text.plist.strings; name = en; path = en.lproj/InfoPlist.strings; sourceTree = "<group>"; };
		414D23AE19D29290001A7112 /* n3wsTests.m */ = {isa = PBXFileReference; lastKnownFileType = sourcecode.c.objc; path = n3wsTests.m; sourceTree = "<group>"; };
		4151901C19D94E3F0058684D /* News.h */ = {isa = PBXFileReference; fileEncoding = 4; lastKnownFileType = sourcecode.c.h; path = News.h; sourceTree = "<group>"; };
		4151901D19D94E3F0058684D /* News.m */ = {isa = PBXFileReference; fileEncoding = 4; lastKnownFileType = sourcecode.c.objc; path = News.m; sourceTree = "<group>"; };
		418AB4A519DA75F800F16AE2 /* WebNewsViewController.h */ = {isa = PBXFileReference; fileEncoding = 4; lastKnownFileType = sourcecode.c.h; path = WebNewsViewController.h; sourceTree = "<group>"; };
		418AB4A619DA75F800F16AE2 /* WebNewsViewController.m */ = {isa = PBXFileReference; fileEncoding = 4; lastKnownFileType = sourcecode.c.objc; path = WebNewsViewController.m; sourceTree = "<group>"; };
		41BD94C219D296A600E785F1 /* MenuViewController.h */ = {isa = PBXFileReference; fileEncoding = 4; lastKnownFileType = sourcecode.c.h; path = MenuViewController.h; sourceTree = "<group>"; };
		41BD94C319D296A600E785F1 /* MenuViewController.m */ = {isa = PBXFileReference; fileEncoding = 4; lastKnownFileType = sourcecode.c.objc; path = MenuViewController.m; sourceTree = "<group>"; };
		41BD94C519D2A15800E785F1 /* MainViewController.h */ = {isa = PBXFileReference; fileEncoding = 4; lastKnownFileType = sourcecode.c.h; path = MainViewController.h; sourceTree = "<group>"; };
		41BD94C619D2A15800E785F1 /* MainViewController.m */ = {isa = PBXFileReference; fileEncoding = 4; lastKnownFileType = sourcecode.c.objc; path = MainViewController.m; sourceTree = "<group>"; };
		41BD94C819D2A43000E785F1 /* HeadlinesViewController.h */ = {isa = PBXFileReference; fileEncoding = 4; lastKnownFileType = sourcecode.c.h; path = HeadlinesViewController.h; sourceTree = "<group>"; };
		41BD94C919D2A43000E785F1 /* HeadlinesViewController.m */ = {isa = PBXFileReference; fileEncoding = 4; lastKnownFileType = sourcecode.c.objc; path = HeadlinesViewController.m; sourceTree = "<group>"; };
		41FCCAB919D2BB56000CEF62 /* FinanceViewController.h */ = {isa = PBXFileReference; fileEncoding = 4; lastKnownFileType = sourcecode.c.h; path = FinanceViewController.h; sourceTree = "<group>"; };
		41FCCABA19D2BB56000CEF62 /* FinanceViewController.m */ = {isa = PBXFileReference; fileEncoding = 4; lastKnownFileType = sourcecode.c.objc; path = FinanceViewController.m; sourceTree = "<group>"; };
		41FCCABC19D2BC0D000CEF62 /* EntertainmentViewController.h */ = {isa = PBXFileReference; fileEncoding = 4; lastKnownFileType = sourcecode.c.h; path = EntertainmentViewController.h; sourceTree = "<group>"; };
		41FCCABD19D2BC0D000CEF62 /* EntertainmentViewController.m */ = {isa = PBXFileReference; fileEncoding = 4; lastKnownFileType = sourcecode.c.objc; path = EntertainmentViewController.m; sourceTree = "<group>"; };
		41FCCABF19D2BC4A000CEF62 /* SportsViewController.h */ = {isa = PBXFileReference; fileEncoding = 4; lastKnownFileType = sourcecode.c.h; path = SportsViewController.h; sourceTree = "<group>"; };
		41FCCAC019D2BC4A000CEF62 /* SportsViewController.m */ = {isa = PBXFileReference; fileEncoding = 4; lastKnownFileType = sourcecode.c.objc; path = SportsViewController.m; sourceTree = "<group>"; };
		41FCCAC319D2C658000CEF62 /* Instagram.h */ = {isa = PBXFileReference; fileEncoding = 4; lastKnownFileType = sourcecode.c.h; path = Instagram.h; sourceTree = "<group>"; };
		41FCCAC419D2C658000CEF62 /* Instagram.m */ = {isa = PBXFileReference; fileEncoding = 4; lastKnownFileType = sourcecode.c.objc; path = Instagram.m; sourceTree = "<group>"; };
		DB765A6F9622462988B1B3DD /* Pods.xcconfig */ = {isa = PBXFileReference; includeInIndex = 1; lastKnownFileType = text.xcconfig; name = Pods.xcconfig; path = Pods/Pods.xcconfig; sourceTree = "<group>"; };
		E267D6231C5E4784BFFB59C8 /* libPods.a */ = {isa = PBXFileReference; explicitFileType = archive.ar; includeInIndex = 0; path = libPods.a; sourceTree = BUILT_PRODUCTS_DIR; };
/* End PBXFileReference section */

/* Begin PBXFrameworksBuildPhase section */
		414D237D19D2928B001A7112 /* Frameworks */ = {
			isa = PBXFrameworksBuildPhase;
			buildActionMask = 2147483647;
			files = (
				4147C0B719D3C891002737C2 /* CoreLocation.framework in Frameworks */,
				414D238619D2928C001A7112 /* CoreGraphics.framework in Frameworks */,
				414D238819D2928C001A7112 /* UIKit.framework in Frameworks */,
				414D238419D2928C001A7112 /* Foundation.framework in Frameworks */,
				FFF7FBB2F8C84F74AC41ECEB /* libPods.a in Frameworks */,
			);
			runOnlyForDeploymentPostprocessing = 0;
		};
		414D239E19D2928F001A7112 /* Frameworks */ = {
			isa = PBXFrameworksBuildPhase;
			buildActionMask = 2147483647;
			files = (
				414D23A319D2928F001A7112 /* XCTest.framework in Frameworks */,
				414D23A519D2928F001A7112 /* UIKit.framework in Frameworks */,
				414D23A419D2928F001A7112 /* Foundation.framework in Frameworks */,
			);
			runOnlyForDeploymentPostprocessing = 0;
		};
/* End PBXFrameworksBuildPhase section */

/* Begin PBXGroup section */
		414D237719D2928A001A7112 = {
			isa = PBXGroup;
			children = (
				414D238919D2928C001A7112 /* n3ws */,
				414D23A819D29290001A7112 /* n3wsTests */,
				414D238219D2928C001A7112 /* Frameworks */,
				414D238119D2928C001A7112 /* Products */,
				DB765A6F9622462988B1B3DD /* Pods.xcconfig */,
			);
			sourceTree = "<group>";
		};
		414D238119D2928C001A7112 /* Products */ = {
			isa = PBXGroup;
			children = (
				414D238019D2928C001A7112 /* n3ws.app */,
				414D23A119D2928F001A7112 /* n3wsTests.xctest */,
			);
			name = Products;
			sourceTree = "<group>";
		};
		414D238219D2928C001A7112 /* Frameworks */ = {
			isa = PBXGroup;
			children = (
				4147C0B619D3C891002737C2 /* CoreLocation.framework */,
				414D238319D2928C001A7112 /* Foundation.framework */,
				414D238519D2928C001A7112 /* CoreGraphics.framework */,
				414D238719D2928C001A7112 /* UIKit.framework */,
				414D23A219D2928F001A7112 /* XCTest.framework */,
				E267D6231C5E4784BFFB59C8 /* libPods.a */,
			);
			name = Frameworks;
			sourceTree = "<group>";
		};
		414D238919D2928C001A7112 /* n3ws */ = {
			isa = PBXGroup;
			children = (
				414D239219D2928D001A7112 /* AppDelegate.h */,
				414D239319D2928D001A7112 /* AppDelegate.m */,
				414D239519D2928D001A7112 /* Main.storyboard */,
				41FCCAC219D2BF0F000CEF62 /* ViewControllers */,
				41BD94C219D296A600E785F1 /* MenuViewController.h */,
				41BD94C319D296A600E785F1 /* MenuViewController.m */,
				41BD94C519D2A15800E785F1 /* MainViewController.h */,
				41BD94C619D2A15800E785F1 /* MainViewController.m */,
				418AB4A519DA75F800F16AE2 /* WebNewsViewController.h */,
				418AB4A619DA75F800F16AE2 /* WebNewsViewController.m */,
				41FCCAC319D2C658000CEF62 /* Instagram.h */,
				41FCCAC419D2C658000CEF62 /* Instagram.m */,
				4147C0B319D3C7AA002737C2 /* Weather.h */,
				4147C0B419D3C7AA002737C2 /* Weather.m */,
				4151901C19D94E3F0058684D /* News.h */,
				4151901D19D94E3F0058684D /* News.m */,
				414D239B19D2928E001A7112 /* Images.xcassets */,
				414D238A19D2928C001A7112 /* Supporting Files */,
			);
			path = n3ws;
			sourceTree = "<group>";
		};
		414D238A19D2928C001A7112 /* Supporting Files */ = {
			isa = PBXGroup;
			children = (
				414D238B19D2928C001A7112 /* n3ws-Info.plist */,
				414D238C19D2928D001A7112 /* InfoPlist.strings */,
				414D238F19D2928D001A7112 /* main.m */,
				414D239119D2928D001A7112 /* n3ws-Prefix.pch */,
			);
			name = "Supporting Files";
			sourceTree = "<group>";
		};
		414D23A819D29290001A7112 /* n3wsTests */ = {
			isa = PBXGroup;
			children = (
				414D23AE19D29290001A7112 /* n3wsTests.m */,
				414D23A919D29290001A7112 /* Supporting Files */,
			);
			path = n3wsTests;
			sourceTree = "<group>";
		};
		414D23A919D29290001A7112 /* Supporting Files */ = {
			isa = PBXGroup;
			children = (
				414D23AA19D29290001A7112 /* n3wsTests-Info.plist */,
				414D23AB19D29290001A7112 /* InfoPlist.strings */,
			);
			name = "Supporting Files";
			sourceTree = "<group>";
		};
		41FCCAC219D2BF0F000CEF62 /* ViewControllers */ = {
			isa = PBXGroup;
			children = (
				41FCCABF19D2BC4A000CEF62 /* SportsViewController.h */,
				41FCCAC019D2BC4A000CEF62 /* SportsViewController.m */,
				41FCCABC19D2BC0D000CEF62 /* EntertainmentViewController.h */,
				41FCCABD19D2BC0D000CEF62 /* EntertainmentViewController.m */,
				41BD94C819D2A43000E785F1 /* HeadlinesViewController.h */,
				41BD94C919D2A43000E785F1 /* HeadlinesViewController.m */,
				41FCCAB919D2BB56000CEF62 /* FinanceViewController.h */,
				41FCCABA19D2BB56000CEF62 /* FinanceViewController.m */,
			);
			name = ViewControllers;
			sourceTree = "<group>";
		};
/* End PBXGroup section */

/* Begin PBXNativeTarget section */
		414D237F19D2928B001A7112 /* n3ws */ = {
			isa = PBXNativeTarget;
			buildConfigurationList = 414D23B219D29290001A7112 /* Build configuration list for PBXNativeTarget "n3ws" */;
			buildPhases = (
				D31303D04A084EA4822CFAD0 /* Check Pods Manifest.lock */,
				414D237C19D2928B001A7112 /* Sources */,
				414D237D19D2928B001A7112 /* Frameworks */,
				414D237E19D2928B001A7112 /* Resources */,
				D664A48ACD3F43EA9F401327 /* Copy Pods Resources */,
			);
			buildRules = (
			);
			dependencies = (
			);
			name = n3ws;
			productName = n3ws;
			productReference = 414D238019D2928C001A7112 /* n3ws.app */;
			productType = "com.apple.product-type.application";
		};
		414D23A019D2928F001A7112 /* n3wsTests */ = {
			isa = PBXNativeTarget;
			buildConfigurationList = 414D23B519D29290001A7112 /* Build configuration list for PBXNativeTarget "n3wsTests" */;
			buildPhases = (
				414D239D19D2928F001A7112 /* Sources */,
				414D239E19D2928F001A7112 /* Frameworks */,
				414D239F19D2928F001A7112 /* Resources */,
			);
			buildRules = (
			);
			dependencies = (
				414D23A719D2928F001A7112 /* PBXTargetDependency */,
			);
			name = n3wsTests;
			productName = n3wsTests;
			productReference = 414D23A119D2928F001A7112 /* n3wsTests.xctest */;
			productType = "com.apple.product-type.bundle.unit-test";
		};
/* End PBXNativeTarget section */

/* Begin PBXProject section */
		414D237819D2928B001A7112 /* Project object */ = {
			isa = PBXProject;
			attributes = {
				LastUpgradeCheck = 0510;
				ORGANIZATIONNAME = "Jian Yao Ang";
				TargetAttributes = {
					414D23A019D2928F001A7112 = {
						TestTargetID = 414D237F19D2928B001A7112;
					};
				};
			};
			buildConfigurationList = 414D237B19D2928B001A7112 /* Build configuration list for PBXProject "n3ws" */;
			compatibilityVersion = "Xcode 3.2";
			developmentRegion = English;
			hasScannedForEncodings = 0;
			knownRegions = (
				en,
				Base,
			);
			mainGroup = 414D237719D2928A001A7112;
			productRefGroup = 414D238119D2928C001A7112 /* Products */;
			projectDirPath = "";
			projectRoot = "";
			targets = (
				414D237F19D2928B001A7112 /* n3ws */,
				414D23A019D2928F001A7112 /* n3wsTests */,
			);
		};
/* End PBXProject section */

/* Begin PBXResourcesBuildPhase section */
		414D237E19D2928B001A7112 /* Resources */ = {
			isa = PBXResourcesBuildPhase;
			buildActionMask = 2147483647;
			files = (
				414D239C19D2928E001A7112 /* Images.xcassets in Resources */,
				414D238E19D2928D001A7112 /* InfoPlist.strings in Resources */,
				414D239719D2928D001A7112 /* Main.storyboard in Resources */,
			);
			runOnlyForDeploymentPostprocessing = 0;
		};
		414D239F19D2928F001A7112 /* Resources */ = {
			isa = PBXResourcesBuildPhase;
			buildActionMask = 2147483647;
			files = (
				414D23AD19D29290001A7112 /* InfoPlist.strings in Resources */,
			);
			runOnlyForDeploymentPostprocessing = 0;
		};
/* End PBXResourcesBuildPhase section */

/* Begin PBXShellScriptBuildPhase section */
		D31303D04A084EA4822CFAD0 /* Check Pods Manifest.lock */ = {
			isa = PBXShellScriptBuildPhase;
			buildActionMask = 2147483647;
			files = (
			);
			inputPaths = (
			);
			name = "Check Pods Manifest.lock";
			outputPaths = (
			);
			runOnlyForDeploymentPostprocessing = 0;
			shellPath = /bin/sh;
			shellScript = "diff \"${PODS_ROOT}/../Podfile.lock\" \"${PODS_ROOT}/Manifest.lock\" > /dev/null\nif [[ $? != 0 ]] ; then\n    cat << EOM\nerror: The sandbox is not in sync with the Podfile.lock. Run 'pod install' or update your CocoaPods installation.\nEOM\n    exit 1\nfi\n";
			showEnvVarsInLog = 0;
		};
		D664A48ACD3F43EA9F401327 /* Copy Pods Resources */ = {
			isa = PBXShellScriptBuildPhase;
			buildActionMask = 2147483647;
			files = (
			);
			inputPaths = (
			);
			name = "Copy Pods Resources";
			outputPaths = (
			);
			runOnlyForDeploymentPostprocessing = 0;
			shellPath = /bin/sh;
			shellScript = "\"${SRCROOT}/Pods/Pods-resources.sh\"\n";
			showEnvVarsInLog = 0;
		};
/* End PBXShellScriptBuildPhase section */

/* Begin PBXSourcesBuildPhase section */
		414D237C19D2928B001A7112 /* Sources */ = {
			isa = PBXSourcesBuildPhase;
			buildActionMask = 2147483647;
			files = (
				41BD94CA19D2A43000E785F1 /* HeadlinesViewController.m in Sources */,
				414D239419D2928D001A7112 /* AppDelegate.m in Sources */,
				414D239019D2928D001A7112 /* main.m in Sources */,
				41FCCAC119D2BC4A000CEF62 /* SportsViewController.m in Sources */,
				418AB4A719DA75F800F16AE2 /* WebNewsViewController.m in Sources */,
				4147C0B519D3C7AA002737C2 /* Weather.m in Sources */,
				41FCCABB19D2BB56000CEF62 /* FinanceViewController.m in Sources */,
				41BD94C719D2A15800E785F1 /* MainViewController.m in Sources */,
				41BD94C419D296A600E785F1 /* MenuViewController.m in Sources */,
				41FCCABE19D2BC0D000CEF62 /* EntertainmentViewController.m in Sources */,
				4151901E19D94E3F0058684D /* News.m in Sources */,
				41FCCAC519D2C658000CEF62 /* Instagram.m in Sources */,
			);
			runOnlyForDeploymentPostprocessing = 0;
		};
		414D239D19D2928F001A7112 /* Sources */ = {
			isa = PBXSourcesBuildPhase;
			buildActionMask = 2147483647;
			files = (
				414D23AF19D29290001A7112 /* n3wsTests.m in Sources */,
			);
			runOnlyForDeploymentPostprocessing = 0;
		};
/* End PBXSourcesBuildPhase section */

/* Begin PBXTargetDependency section */
		414D23A719D2928F001A7112 /* PBXTargetDependency */ = {
			isa = PBXTargetDependency;
			target = 414D237F19D2928B001A7112 /* n3ws */;
			targetProxy = 414D23A619D2928F001A7112 /* PBXContainerItemProxy */;
		};
/* End PBXTargetDependency section */

/* Begin PBXVariantGroup section */
		414D238C19D2928D001A7112 /* InfoPlist.strings */ = {
			isa = PBXVariantGroup;
			children = (
				414D238D19D2928D001A7112 /* en */,
			);
			name = InfoPlist.strings;
			sourceTree = "<group>";
		};
		414D239519D2928D001A7112 /* Main.storyboard */ = {
			isa = PBXVariantGroup;
			children = (
				414D239619D2928D001A7112 /* Base */,
			);
			name = Main.storyboard;
			sourceTree = "<group>";
		};
		414D23AB19D29290001A7112 /* InfoPlist.strings */ = {
			isa = PBXVariantGroup;
			children = (
				414D23AC19D29290001A7112 /* en */,
			);
			name = InfoPlist.strings;
			sourceTree = "<group>";
		};
/* End PBXVariantGroup section */

/* Begin XCBuildConfiguration section */
		414D23B019D29290001A7112 /* Debug */ = {
			isa = XCBuildConfiguration;
			buildSettings = {
				ALWAYS_SEARCH_USER_PATHS = NO;
				CLANG_CXX_LANGUAGE_STANDARD = "gnu++0x";
				CLANG_CXX_LIBRARY = "libc++";
				CLANG_ENABLE_MODULES = YES;
				CLANG_ENABLE_OBJC_ARC = YES;
				CLANG_WARN_BOOL_CONVERSION = YES;
				CLANG_WARN_CONSTANT_CONVERSION = YES;
				CLANG_WARN_DIRECT_OBJC_ISA_USAGE = YES_ERROR;
				CLANG_WARN_EMPTY_BODY = YES;
				CLANG_WARN_ENUM_CONVERSION = YES;
				CLANG_WARN_INT_CONVERSION = YES;
				CLANG_WARN_OBJC_ROOT_CLASS = YES_ERROR;
				CLANG_WARN__DUPLICATE_METHOD_MATCH = YES;
				"CODE_SIGN_IDENTITY[sdk=iphoneos*]" = "iPhone Developer";
				COPY_PHASE_STRIP = NO;
				GCC_C_LANGUAGE_STANDARD = gnu99;
				GCC_DYNAMIC_NO_PIC = NO;
				GCC_OPTIMIZATION_LEVEL = 0;
				GCC_PREPROCESSOR_DEFINITIONS = (
					"DEBUG=1",
					"$(inherited)",
				);
				GCC_SYMBOLS_PRIVATE_EXTERN = NO;
				GCC_WARN_64_TO_32_BIT_CONVERSION = YES;
				GCC_WARN_ABOUT_RETURN_TYPE = YES_ERROR;
				GCC_WARN_UNDECLARED_SELECTOR = YES;
				GCC_WARN_UNINITIALIZED_AUTOS = YES_AGGRESSIVE;
				GCC_WARN_UNUSED_FUNCTION = YES;
				GCC_WARN_UNUSED_VARIABLE = YES;
				IPHONEOS_DEPLOYMENT_TARGET = 7.1;
				ONLY_ACTIVE_ARCH = YES;
				SDKROOT = iphoneos;
			};
			name = Debug;
		};
		414D23B119D29290001A7112 /* Release */ = {
			isa = XCBuildConfiguration;
			buildSettings = {
				ALWAYS_SEARCH_USER_PATHS = NO;
				CLANG_CXX_LANGUAGE_STANDARD = "gnu++0x";
				CLANG_CXX_LIBRARY = "libc++";
				CLANG_ENABLE_MODULES = YES;
				CLANG_ENABLE_OBJC_ARC = YES;
				CLANG_WARN_BOOL_CONVERSION = YES;
				CLANG_WARN_CONSTANT_CONVERSION = YES;
				CLANG_WARN_DIRECT_OBJC_ISA_USAGE = YES_ERROR;
				CLANG_WARN_EMPTY_BODY = YES;
				CLANG_WARN_ENUM_CONVERSION = YES;
				CLANG_WARN_INT_CONVERSION = YES;
				CLANG_WARN_OBJC_ROOT_CLASS = YES_ERROR;
				CLANG_WARN__DUPLICATE_METHOD_MATCH = YES;
				"CODE_SIGN_IDENTITY[sdk=iphoneos*]" = "iPhone Developer";
				COPY_PHASE_STRIP = YES;
				ENABLE_NS_ASSERTIONS = NO;
				GCC_C_LANGUAGE_STANDARD = gnu99;
				GCC_WARN_64_TO_32_BIT_CONVERSION = YES;
				GCC_WARN_ABOUT_RETURN_TYPE = YES_ERROR;
				GCC_WARN_UNDECLARED_SELECTOR = YES;
				GCC_WARN_UNINITIALIZED_AUTOS = YES_AGGRESSIVE;
				GCC_WARN_UNUSED_FUNCTION = YES;
				GCC_WARN_UNUSED_VARIABLE = YES;
				IPHONEOS_DEPLOYMENT_TARGET = 7.1;
				SDKROOT = iphoneos;
				VALIDATE_PRODUCT = YES;
			};
			name = Release;
		};
		414D23B319D29290001A7112 /* Debug */ = {
			isa = XCBuildConfiguration;
			baseConfigurationReference = DB765A6F9622462988B1B3DD /* Pods.xcconfig */;
			buildSettings = {
				ASSETCATALOG_COMPILER_APPICON_NAME = AppIcon;
				ASSETCATALOG_COMPILER_LAUNCHIMAGE_NAME = LaunchImage;
				GCC_PRECOMPILE_PREFIX_HEADER = YES;
				GCC_PREFIX_HEADER = "n3ws/n3ws-Prefix.pch";
				INFOPLIST_FILE = "n3ws/n3ws-Info.plist";
				PRODUCT_NAME = "$(TARGET_NAME)";
				WRAPPER_EXTENSION = app;
			};
			name = Debug;
		};
		414D23B419D29290001A7112 /* Release */ = {
			isa = XCBuildConfiguration;
			baseConfigurationReference = DB765A6F9622462988B1B3DD /* Pods.xcconfig */;
			buildSettings = {
				ASSETCATALOG_COMPILER_APPICON_NAME = AppIcon;
				ASSETCATALOG_COMPILER_LAUNCHIMAGE_NAME = LaunchImage;
				GCC_PRECOMPILE_PREFIX_HEADER = YES;
				GCC_PREFIX_HEADER = "n3ws/n3ws-Prefix.pch";
				INFOPLIST_FILE = "n3ws/n3ws-Info.plist";
				PRODUCT_NAME = "$(TARGET_NAME)";
				WRAPPER_EXTENSION = app;
			};
			name = Release;
		};
		414D23B619D29290001A7112 /* Debug */ = {
			isa = XCBuildConfiguration;
			buildSettings = {
				BUNDLE_LOADER = "$(BUILT_PRODUCTS_DIR)/n3ws.app/n3ws";
				FRAMEWORK_SEARCH_PATHS = (
					"$(SDKROOT)/Developer/Library/Frameworks",
					"$(inherited)",
					"$(DEVELOPER_FRAMEWORKS_DIR)",
				);
				GCC_PRECOMPILE_PREFIX_HEADER = YES;
				GCC_PREFIX_HEADER = "n3ws/n3ws-Prefix.pch";
				GCC_PREPROCESSOR_DEFINITIONS = (
					"DEBUG=1",
					"$(inherited)",
				);
				INFOPLIST_FILE = "n3wsTests/n3wsTests-Info.plist";
				PRODUCT_NAME = "$(TARGET_NAME)";
				TEST_HOST = "$(BUNDLE_LOADER)";
				WRAPPER_EXTENSION = xctest;
			};
			name = Debug;
		};
		414D23B719D29290001A7112 /* Release */ = {
			isa = XCBuildConfiguration;
			buildSettings = {
				BUNDLE_LOADER = "$(BUILT_PRODUCTS_DIR)/n3ws.app/n3ws";
				FRAMEWORK_SEARCH_PATHS = (
					"$(SDKROOT)/Developer/Library/Frameworks",
					"$(inherited)",
					"$(DEVELOPER_FRAMEWORKS_DIR)",
				);
				GCC_PRECOMPILE_PREFIX_HEADER = YES;
				GCC_PREFIX_HEADER = "n3ws/n3ws-Prefix.pch";
				INFOPLIST_FILE = "n3wsTests/n3wsTests-Info.plist";
				PRODUCT_NAME = "$(TARGET_NAME)";
				TEST_HOST = "$(BUNDLE_LOADER)";
				WRAPPER_EXTENSION = xctest;
			};
			name = Release;
		};
/* End XCBuildConfiguration section */

/* Begin XCConfigurationList section */
		414D237B19D2928B001A7112 /* Build configuration list for PBXProject "n3ws" */ = {
			isa = XCConfigurationList;
			buildConfigurations = (
				414D23B019D29290001A7112 /* Debug */,
				414D23B119D29290001A7112 /* Release */,
			);
			defaultConfigurationIsVisible = 0;
			defaultConfigurationName = Release;
		};
		414D23B219D29290001A7112 /* Build configuration list for PBXNativeTarget "n3ws" */ = {
			isa = XCConfigurationList;
			buildConfigurations = (
				414D23B319D29290001A7112 /* Debug */,
				414D23B419D29290001A7112 /* Release */,
			);
			defaultConfigurationIsVisible = 0;
			defaultConfigurationName = Release;
		};
		414D23B519D29290001A7112 /* Build configuration list for PBXNativeTarget "n3wsTests" */ = {
			isa = XCConfigurationList;
			buildConfigurations = (
				414D23B619D29290001A7112 /* Debug */,
				414D23B719D29290001A7112 /* Release */,
			);
			defaultConfigurationIsVisible = 0;
			defaultConfigurationName = Release;
		};
/* End XCConfigurationList section */
	};
	rootObject = 414D237819D2928B001A7112 /* Project object */;
}
